// !$*UTF8*$!
{
	archiveVersion = 1;
	classes = {
	};
	objectVersion = 77;
	objects = {

/* Begin PBXBuildFile section */
		637201482D830EAB0088E222 /* SnapKit in Frameworks */ = {isa = PBXBuildFile; productRef = 637201472D830EAB0088E222 /* SnapKit */; };
		6372014B2D830EB80088E222 /* Then in Frameworks */ = {isa = PBXBuildFile; productRef = 6372014A2D830EB80088E222 /* Then */; };
		6372014E2D830EF60088E222 /* Alamofire in Frameworks */ = {isa = PBXBuildFile; productRef = 6372014D2D830EF60088E222 /* Alamofire */; };
		637201512D830F050088E222 /* Kingfisher in Frameworks */ = {isa = PBXBuildFile; productRef = 637201502D830F050088E222 /* Kingfisher */; };
		637201542D830F370088E222 /* KakaoSDKAuth in Frameworks */ = {isa = PBXBuildFile; productRef = 637201532D830F370088E222 /* KakaoSDKAuth */; };
		637201562D830F370088E222 /* KakaoSDKCommon in Frameworks */ = {isa = PBXBuildFile; productRef = 637201552D830F370088E222 /* KakaoSDKCommon */; };
		637201582D830F370088E222 /* KakaoSDKUser in Frameworks */ = {isa = PBXBuildFile; productRef = 637201572D830F370088E222 /* KakaoSDKUser */; };
		637202232D830FCD0088E222 /* FirebaseCore in Frameworks */ = {isa = PBXBuildFile; productRef = 637202222D830FCD0088E222 /* FirebaseCore */; };
		637202252D830FCD0088E222 /* FirebaseMessaging in Frameworks */ = {isa = PBXBuildFile; productRef = 637202242D830FCD0088E222 /* FirebaseMessaging */; };
		947D14512D853E5E00486ED6 /* FSCalendar in Frameworks */ = {isa = PBXBuildFile; productRef = 947D14502D853E5E00486ED6 /* FSCalendar */; };
		94AFC6832DAA52BC0089C7F8 /* SDWebImage in Frameworks */ = {isa = PBXBuildFile; productRef = 94AFC6822DAA52BC0089C7F8 /* SDWebImage */; };
		97470C7D2D93DBE600039FA5 /* NMapsMap in Frameworks */ = {isa = PBXBuildFile; productRef = 97470C7C2D93DBE600039FA5 /* NMapsMap */; };
/* End PBXBuildFile section */

/* Begin PBXFileReference section */
		638DF0612D84824200542F21 /* Harumeonglog.app */ = {isa = PBXFileReference; explicitFileType = wrapper.application; includeInIndex = 0; path = Harumeonglog.app; sourceTree = BUILT_PRODUCTS_DIR; };
/* End PBXFileReference section */

/* Begin PBXFileSystemSynchronizedBuildFileExceptionSet section */
		63E121C12D825DB400402E92 /* Exceptions for "Harumeonglog" folder in "Harumeonglog" target */ = {
			isa = PBXFileSystemSynchronizedBuildFileExceptionSet;
			membershipExceptions = (
				Info.plist,
			);
			target = 63E121AE2D825DB300402E92 /* Harumeonglog */;
		};
/* End PBXFileSystemSynchronizedBuildFileExceptionSet section */

/* Begin PBXFileSystemSynchronizedRootGroup section */
		63E121B12D825DB300402E92 /* Harumeonglog */ = {
			isa = PBXFileSystemSynchronizedRootGroup;
			exceptions = (
				63E121C12D825DB400402E92 /* Exceptions for "Harumeonglog" folder in "Harumeonglog" target */,
			);
			path = Harumeonglog;
			sourceTree = "<group>";
		};
/* End PBXFileSystemSynchronizedRootGroup section */

/* Begin PBXFrameworksBuildPhase section */
		63E121AC2D825DB300402E92 /* Frameworks */ = {
			isa = PBXFrameworksBuildPhase;
			buildActionMask = 2147483647;
			files = (
				637202252D830FCD0088E222 /* FirebaseMessaging in Frameworks */,
				637201512D830F050088E222 /* Kingfisher in Frameworks */,
				6372014E2D830EF60088E222 /* Alamofire in Frameworks */,
				947D14512D853E5E00486ED6 /* FSCalendar in Frameworks */,
				637201482D830EAB0088E222 /* SnapKit in Frameworks */,
				637201582D830F370088E222 /* KakaoSDKUser in Frameworks */,
				94AFC6832DAA52BC0089C7F8 /* SDWebImage in Frameworks */,
				97470C7D2D93DBE600039FA5 /* NMapsMap in Frameworks */,
				6372014B2D830EB80088E222 /* Then in Frameworks */,
				637201562D830F370088E222 /* KakaoSDKCommon in Frameworks */,
				637202232D830FCD0088E222 /* FirebaseCore in Frameworks */,
				637201542D830F370088E222 /* KakaoSDKAuth in Frameworks */,
			);
			runOnlyForDeploymentPostprocessing = 0;
		};
/* End PBXFrameworksBuildPhase section */

/* Begin PBXGroup section */
		63E121A62D825DB300402E92 = {
			isa = PBXGroup;
			children = (
				63E121B12D825DB300402E92 /* Harumeonglog */,
				638DF0612D84824200542F21 /* Harumeonglog.app */,
			);
			sourceTree = "<group>";
		};
/* End PBXGroup section */

/* Begin PBXNativeTarget section */
		63E121AE2D825DB300402E92 /* Harumeonglog */ = {
			isa = PBXNativeTarget;
			buildConfigurationList = 63E121C22D825DB400402E92 /* Build configuration list for PBXNativeTarget "Harumeonglog" */;
			buildPhases = (
				63E121AB2D825DB300402E92 /* Sources */,
				63E121AC2D825DB300402E92 /* Frameworks */,
				63E121AD2D825DB300402E92 /* Resources */,
			);
			buildRules = (
			);
			dependencies = (
			);
			fileSystemSynchronizedGroups = (
				63E121B12D825DB300402E92 /* Harumeonglog */,
			);
			name = Harumeonglog;
			packageProductDependencies = (
				637201472D830EAB0088E222 /* SnapKit */,
				6372014A2D830EB80088E222 /* Then */,
				6372014D2D830EF60088E222 /* Alamofire */,
				637201502D830F050088E222 /* Kingfisher */,
				637201532D830F370088E222 /* KakaoSDKAuth */,
				637201552D830F370088E222 /* KakaoSDKCommon */,
				637201572D830F370088E222 /* KakaoSDKUser */,
				637202222D830FCD0088E222 /* FirebaseCore */,
				637202242D830FCD0088E222 /* FirebaseMessaging */,
				947D14502D853E5E00486ED6 /* FSCalendar */,
				97470C7C2D93DBE600039FA5 /* NMapsMap */,
				94AFC6822DAA52BC0089C7F8 /* SDWebImage */,
			);
			productName = Harumeonglog;
			productReference = 638DF0612D84824200542F21 /* Harumeonglog.app */;
			productType = "com.apple.product-type.application";
		};
/* End PBXNativeTarget section */

/* Begin PBXProject section */
		63E121A72D825DB300402E92 /* Project object */ = {
			isa = PBXProject;
			attributes = {
				BuildIndependentTargetsInParallel = 1;
				LastSwiftUpdateCheck = 1620;
				LastUpgradeCheck = 1620;
				TargetAttributes = {
					63E121AE2D825DB300402E92 = {
						CreatedOnToolsVersion = 16.2;
					};
				};
			};
			buildConfigurationList = 63E121AA2D825DB300402E92 /* Build configuration list for PBXProject "Harumeonglog" */;
			developmentRegion = en;
			hasScannedForEncodings = 0;
			knownRegions = (
				en,
				Base,
				ko,
			);
			mainGroup = 63E121A62D825DB300402E92;
			minimizedProjectReferenceProxies = 1;
			packageReferences = (
				637201462D830EAB0088E222 /* XCRemoteSwiftPackageReference "SnapKit" */,
				637201492D830EB80088E222 /* XCRemoteSwiftPackageReference "Then" */,
				6372014C2D830EF60088E222 /* XCRemoteSwiftPackageReference "Alamofire" */,
				6372014F2D830F050088E222 /* XCRemoteSwiftPackageReference "Kingfisher" */,
				637201522D830F370088E222 /* XCRemoteSwiftPackageReference "kakao-ios-sdk" */,
				637202212D830FCD0088E222 /* XCRemoteSwiftPackageReference "firebase-ios-sdk" */,
				947D144F2D853E5E00486ED6 /* XCRemoteSwiftPackageReference "FSCalendar" */,
				97470C7B2D93DBE600039FA5 /* XCRemoteSwiftPackageReference "SPM-NMapsMap" */,
				94AFC6812DAA52BC0089C7F8 /* XCRemoteSwiftPackageReference "SDWebImage" */,
			);
			preferredProjectObjectVersion = 77;
			productRefGroup = 63E121A62D825DB300402E92;
			projectDirPath = "";
			projectRoot = "";
			targets = (
				63E121AE2D825DB300402E92 /* Harumeonglog */,
			);
		};
/* End PBXProject section */

/* Begin PBXResourcesBuildPhase section */
		63E121AD2D825DB300402E92 /* Resources */ = {
			isa = PBXResourcesBuildPhase;
			buildActionMask = 2147483647;
			files = (
			);
			runOnlyForDeploymentPostprocessing = 0;
		};
/* End PBXResourcesBuildPhase section */

/* Begin PBXSourcesBuildPhase section */
		63E121AB2D825DB300402E92 /* Sources */ = {
			isa = PBXSourcesBuildPhase;
			buildActionMask = 2147483647;
			files = (
			);
			runOnlyForDeploymentPostprocessing = 0;
		};
/* End PBXSourcesBuildPhase section */

/* Begin XCBuildConfiguration section */
		63E121C32D825DB400402E92 /* Debug */ = {
			isa = XCBuildConfiguration;
			buildSettings = {
				ASSETCATALOG_COMPILER_APPICON_NAME = AppIcon;
				ASSETCATALOG_COMPILER_GLOBAL_ACCENT_COLOR_NAME = AccentColor;
				CODE_SIGN_IDENTITY = "Apple Development";
				CODE_SIGN_STYLE = Automatic;
				CURRENT_PROJECT_VERSION = 1;
				DEVELOPMENT_TEAM = "";
				GENERATE_INFOPLIST_FILE = YES;
				INFOPLIST_FILE = Harumeonglog/Info.plist;
				INFOPLIST_KEY_NSCameraUsageDescription = "Camera Usage Description : 카메라 권한";
				INFOPLIST_KEY_NSLocationAlwaysAndWhenInUseUsageDescription = "위치정보 권한이 필요합니다.";
				INFOPLIST_KEY_NSLocationAlwaysUsageDescription = "위치정보 권한이 필요합니다.";
				INFOPLIST_KEY_NSLocationWhenInUseUsageDescription = "위치정보 권한이 필요합니다.";
				INFOPLIST_KEY_NSPhotoLibraryAddUsageDescription = "Photo Library Usage Description : 사진앨범 권한";
				INFOPLIST_KEY_NSPhotoLibraryUsageDescription = "Library Usage Description: 사진 권한";
				INFOPLIST_KEY_UIApplicationSupportsIndirectInputEvents = YES;
				INFOPLIST_KEY_UILaunchStoryboardName = LaunchScreen;
				INFOPLIST_KEY_UISupportedInterfaceOrientations = UIInterfaceOrientationPortrait;
				INFOPLIST_KEY_UISupportedInterfaceOrientations_iPad = "UIInterfaceOrientationLandscapeLeft UIInterfaceOrientationLandscapeRight UIInterfaceOrientationPortrait UIInterfaceOrientationPortraitUpsideDown";
				IPHONEOS_DEPLOYMENT_TARGET = 18.0;
				LD_RUNPATH_SEARCH_PATHS = (
					"$(inherited)",
					"@executable_path/Frameworks",
				);
				MARKETING_VERSION = 1.0;
				PRODUCT_BUNDLE_IDENTIFIER = com.iseungjun.Harumeonglog;
				PRODUCT_NAME = "$(TARGET_NAME)";
				PROVISIONING_PROFILE_SPECIFIER = "";
				SUPPORTED_PLATFORMS = "iphoneos iphonesimulator";
				SUPPORTS_MACCATALYST = NO;
				SUPPORTS_MAC_DESIGNED_FOR_IPHONE_IPAD = NO;
				SUPPORTS_XR_DESIGNED_FOR_IPHONE_IPAD = NO;
				SWIFT_EMIT_LOC_STRINGS = YES;
				SWIFT_VERSION = 5.0;
				TARGETED_DEVICE_FAMILY = 1;
			};
			name = Debug;
		};
		63E121C42D825DB400402E92 /* Release */ = {
			isa = XCBuildConfiguration;
			buildSettings = {
				ASSETCATALOG_COMPILER_APPICON_NAME = AppIcon;
				ASSETCATALOG_COMPILER_GLOBAL_ACCENT_COLOR_NAME = AccentColor;
				CODE_SIGN_IDENTITY = "Apple Development";
				CODE_SIGN_STYLE = Automatic;
				CURRENT_PROJECT_VERSION = 1;
				DEVELOPMENT_TEAM = "";
				GENERATE_INFOPLIST_FILE = YES;
				INFOPLIST_FILE = Harumeonglog/Info.plist;
				INFOPLIST_KEY_NSCameraUsageDescription = "Camera Usage Description : 카메라 권한";
				INFOPLIST_KEY_NSLocationAlwaysAndWhenInUseUsageDescription = "위치정보 권한이 필요합니다.";
				INFOPLIST_KEY_NSLocationAlwaysUsageDescription = "위치정보 권한이 필요합니다.";
				INFOPLIST_KEY_NSLocationWhenInUseUsageDescription = "위치정보 권한이 필요합니다.";
				INFOPLIST_KEY_NSPhotoLibraryAddUsageDescription = "Photo Library Usage Description : 사진앨범 권한";
				INFOPLIST_KEY_NSPhotoLibraryUsageDescription = "Library Usage Description: 사진 권한";
				INFOPLIST_KEY_UIApplicationSupportsIndirectInputEvents = YES;
				INFOPLIST_KEY_UILaunchStoryboardName = LaunchScreen;
				INFOPLIST_KEY_UISupportedInterfaceOrientations = UIInterfaceOrientationPortrait;
				INFOPLIST_KEY_UISupportedInterfaceOrientations_iPad = "UIInterfaceOrientationLandscapeLeft UIInterfaceOrientationLandscapeRight UIInterfaceOrientationPortrait UIInterfaceOrientationPortraitUpsideDown";
				IPHONEOS_DEPLOYMENT_TARGET = 18.0;
				LD_RUNPATH_SEARCH_PATHS = (
					"$(inherited)",
					"@executable_path/Frameworks",
				);
				MARKETING_VERSION = 1.0;
				PRODUCT_BUNDLE_IDENTIFIER = com.iseungjun.Harumeonglog;
				PRODUCT_NAME = "$(TARGET_NAME)";
				PROVISIONING_PROFILE_SPECIFIER = "";
				SUPPORTED_PLATFORMS = "iphoneos iphonesimulator";
				SUPPORTS_MACCATALYST = NO;
				SUPPORTS_MAC_DESIGNED_FOR_IPHONE_IPAD = NO;
				SUPPORTS_XR_DESIGNED_FOR_IPHONE_IPAD = NO;
				SWIFT_EMIT_LOC_STRINGS = YES;
				SWIFT_VERSION = 5.0;
				TARGETED_DEVICE_FAMILY = 1;
			};
			name = Release;
		};
		63E121C52D825DB400402E92 /* Debug */ = {
			isa = XCBuildConfiguration;
			buildSettings = {
				ALWAYS_SEARCH_USER_PATHS = NO;
				ASSETCATALOG_COMPILER_GENERATE_SWIFT_ASSET_SYMBOL_EXTENSIONS = YES;
				CLANG_ANALYZER_LOCALIZABILITY_NONLOCALIZED = YES;
				CLANG_ANALYZER_NONNULL = YES;
				CLANG_ANALYZER_NUMBER_OBJECT_CONVERSION = YES_AGGRESSIVE;
				CLANG_CXX_LANGUAGE_STANDARD = "gnu++20";
				CLANG_ENABLE_MODULES = YES;
				CLANG_ENABLE_OBJC_ARC = YES;
				CLANG_ENABLE_OBJC_WEAK = YES;
				CLANG_WARN_BLOCK_CAPTURE_AUTORELEASING = YES;
				CLANG_WARN_BOOL_CONVERSION = YES;
				CLANG_WARN_COMMA = YES;
				CLANG_WARN_CONSTANT_CONVERSION = YES;
				CLANG_WARN_DEPRECATED_OBJC_IMPLEMENTATIONS = YES;
				CLANG_WARN_DIRECT_OBJC_ISA_USAGE = YES_ERROR;
				CLANG_WARN_DOCUMENTATION_COMMENTS = YES;
				CLANG_WARN_EMPTY_BODY = YES;
				CLANG_WARN_ENUM_CONVERSION = YES;
				CLANG_WARN_INFINITE_RECURSION = YES;
				CLANG_WARN_INT_CONVERSION = YES;
				CLANG_WARN_NON_LITERAL_NULL_CONVERSION = YES;
				CLANG_WARN_OBJC_IMPLICIT_RETAIN_SELF = YES;
				CLANG_WARN_OBJC_LITERAL_CONVERSION = YES;
				CLANG_WARN_OBJC_ROOT_CLASS = YES_ERROR;
				CLANG_WARN_QUOTED_INCLUDE_IN_FRAMEWORK_HEADER = YES;
				CLANG_WARN_RANGE_LOOP_ANALYSIS = YES;
				CLANG_WARN_STRICT_PROTOTYPES = YES;
				CLANG_WARN_SUSPICIOUS_MOVE = YES;
				CLANG_WARN_UNGUARDED_AVAILABILITY = YES_AGGRESSIVE;
				CLANG_WARN_UNREACHABLE_CODE = YES;
				CLANG_WARN__DUPLICATE_METHOD_MATCH = YES;
				COPY_PHASE_STRIP = NO;
				DEBUG_INFORMATION_FORMAT = dwarf;
				ENABLE_STRICT_OBJC_MSGSEND = YES;
				ENABLE_TESTABILITY = YES;
				ENABLE_USER_SCRIPT_SANDBOXING = YES;
				GCC_C_LANGUAGE_STANDARD = gnu17;
				GCC_DYNAMIC_NO_PIC = NO;
				GCC_NO_COMMON_BLOCKS = YES;
				GCC_OPTIMIZATION_LEVEL = 0;
				GCC_PREPROCESSOR_DEFINITIONS = (
					"DEBUG=1",
					"$(inherited)",
				);
				GCC_WARN_64_TO_32_BIT_CONVERSION = YES;
				GCC_WARN_ABOUT_RETURN_TYPE = YES_ERROR;
				GCC_WARN_UNDECLARED_SELECTOR = YES;
				GCC_WARN_UNINITIALIZED_AUTOS = YES_AGGRESSIVE;
				GCC_WARN_UNUSED_FUNCTION = YES;
				GCC_WARN_UNUSED_VARIABLE = YES;
				IPHONEOS_DEPLOYMENT_TARGET = 18.2;
				LOCALIZATION_PREFERS_STRING_CATALOGS = YES;
				MTL_ENABLE_DEBUG_INFO = INCLUDE_SOURCE;
				MTL_FAST_MATH = YES;
				ONLY_ACTIVE_ARCH = YES;
				SDKROOT = iphoneos;
				SWIFT_ACTIVE_COMPILATION_CONDITIONS = "DEBUG $(inherited)";
				SWIFT_EMIT_LOC_STRINGS = YES;
				SWIFT_OPTIMIZATION_LEVEL = "-Onone";
			};
			name = Debug;
		};
		63E121C62D825DB400402E92 /* Release */ = {
			isa = XCBuildConfiguration;
			buildSettings = {
				ALWAYS_SEARCH_USER_PATHS = NO;
				ASSETCATALOG_COMPILER_GENERATE_SWIFT_ASSET_SYMBOL_EXTENSIONS = YES;
				CLANG_ANALYZER_LOCALIZABILITY_NONLOCALIZED = YES;
				CLANG_ANALYZER_NONNULL = YES;
				CLANG_ANALYZER_NUMBER_OBJECT_CONVERSION = YES_AGGRESSIVE;
				CLANG_CXX_LANGUAGE_STANDARD = "gnu++20";
				CLANG_ENABLE_MODULES = YES;
				CLANG_ENABLE_OBJC_ARC = YES;
				CLANG_ENABLE_OBJC_WEAK = YES;
				CLANG_WARN_BLOCK_CAPTURE_AUTORELEASING = YES;
				CLANG_WARN_BOOL_CONVERSION = YES;
				CLANG_WARN_COMMA = YES;
				CLANG_WARN_CONSTANT_CONVERSION = YES;
				CLANG_WARN_DEPRECATED_OBJC_IMPLEMENTATIONS = YES;
				CLANG_WARN_DIRECT_OBJC_ISA_USAGE = YES_ERROR;
				CLANG_WARN_DOCUMENTATION_COMMENTS = YES;
				CLANG_WARN_EMPTY_BODY = YES;
				CLANG_WARN_ENUM_CONVERSION = YES;
				CLANG_WARN_INFINITE_RECURSION = YES;
				CLANG_WARN_INT_CONVERSION = YES;
				CLANG_WARN_NON_LITERAL_NULL_CONVERSION = YES;
				CLANG_WARN_OBJC_IMPLICIT_RETAIN_SELF = YES;
				CLANG_WARN_OBJC_LITERAL_CONVERSION = YES;
				CLANG_WARN_OBJC_ROOT_CLASS = YES_ERROR;
				CLANG_WARN_QUOTED_INCLUDE_IN_FRAMEWORK_HEADER = YES;
				CLANG_WARN_RANGE_LOOP_ANALYSIS = YES;
				CLANG_WARN_STRICT_PROTOTYPES = YES;
				CLANG_WARN_SUSPICIOUS_MOVE = YES;
				CLANG_WARN_UNGUARDED_AVAILABILITY = YES_AGGRESSIVE;
				CLANG_WARN_UNREACHABLE_CODE = YES;
				CLANG_WARN__DUPLICATE_METHOD_MATCH = YES;
				COPY_PHASE_STRIP = NO;
				DEBUG_INFORMATION_FORMAT = "dwarf-with-dsym";
				ENABLE_NS_ASSERTIONS = NO;
				ENABLE_STRICT_OBJC_MSGSEND = YES;
				ENABLE_USER_SCRIPT_SANDBOXING = YES;
				GCC_C_LANGUAGE_STANDARD = gnu17;
				GCC_NO_COMMON_BLOCKS = YES;
				GCC_WARN_64_TO_32_BIT_CONVERSION = YES;
				GCC_WARN_ABOUT_RETURN_TYPE = YES_ERROR;
				GCC_WARN_UNDECLARED_SELECTOR = YES;
				GCC_WARN_UNINITIALIZED_AUTOS = YES_AGGRESSIVE;
				GCC_WARN_UNUSED_FUNCTION = YES;
				GCC_WARN_UNUSED_VARIABLE = YES;
				IPHONEOS_DEPLOYMENT_TARGET = 18.2;
				LOCALIZATION_PREFERS_STRING_CATALOGS = YES;
				MTL_ENABLE_DEBUG_INFO = NO;
				MTL_FAST_MATH = YES;
				SDKROOT = iphoneos;
				SWIFT_COMPILATION_MODE = wholemodule;
				SWIFT_EMIT_LOC_STRINGS = YES;
				VALIDATE_PRODUCT = YES;
			};
			name = Release;
		};
/* End XCBuildConfiguration section */

/* Begin XCConfigurationList section */
		63E121AA2D825DB300402E92 /* Build configuration list for PBXProject "Harumeonglog" */ = {
			isa = XCConfigurationList;
			buildConfigurations = (
				63E121C52D825DB400402E92 /* Debug */,
				63E121C62D825DB400402E92 /* Release */,
			);
			defaultConfigurationIsVisible = 0;
			defaultConfigurationName = Release;
		};
		63E121C22D825DB400402E92 /* Build configuration list for PBXNativeTarget "Harumeonglog" */ = {
			isa = XCConfigurationList;
			buildConfigurations = (
				63E121C32D825DB400402E92 /* Debug */,
				63E121C42D825DB400402E92 /* Release */,
			);
			defaultConfigurationIsVisible = 0;
			defaultConfigurationName = Release;
		};
/* End XCConfigurationList section */

/* Begin XCRemoteSwiftPackageReference section */
		637201462D830EAB0088E222 /* XCRemoteSwiftPackageReference "SnapKit" */ = {
			isa = XCRemoteSwiftPackageReference;
			repositoryURL = "https://github.com/SnapKit/SnapKit.git";
			requirement = {
				kind = upToNextMajorVersion;
				minimumVersion = 5.7.1;
			};
		};
		637201492D830EB80088E222 /* XCRemoteSwiftPackageReference "Then" */ = {
			isa = XCRemoteSwiftPackageReference;
			repositoryURL = "https://github.com/devxoul/Then.git";
			requirement = {
				kind = upToNextMajorVersion;
				minimumVersion = 3.0.0;
			};
		};
		6372014C2D830EF60088E222 /* XCRemoteSwiftPackageReference "Alamofire" */ = {
			isa = XCRemoteSwiftPackageReference;
			repositoryURL = "https://github.com/Alamofire/Alamofire.git";
			requirement = {
				kind = upToNextMajorVersion;
				minimumVersion = 5.10.2;
			};
		};
		6372014F2D830F050088E222 /* XCRemoteSwiftPackageReference "Kingfisher" */ = {
			isa = XCRemoteSwiftPackageReference;
			repositoryURL = "https://github.com/onevcat/Kingfisher.git";
			requirement = {
				kind = upToNextMajorVersion;
				minimumVersion = 8.3.0;
			};
		};
		637201522D830F370088E222 /* XCRemoteSwiftPackageReference "kakao-ios-sdk" */ = {
			isa = XCRemoteSwiftPackageReference;
			repositoryURL = "https://github.com/kakao/kakao-ios-sdk";
			requirement = {
				kind = upToNextMajorVersion;
				minimumVersion = 2.24.0;
			};
		};
		637202212D830FCD0088E222 /* XCRemoteSwiftPackageReference "firebase-ios-sdk" */ = {
			isa = XCRemoteSwiftPackageReference;
			repositoryURL = "https://github.com/firebase/firebase-ios-sdk";
			requirement = {
				kind = upToNextMajorVersion;
				minimumVersion = 11.9.0;
			};
		};
		947D144F2D853E5E00486ED6 /* XCRemoteSwiftPackageReference "FSCalendar" */ = {
			isa = XCRemoteSwiftPackageReference;
			repositoryURL = "https://github.com/WenchaoD/FSCalendar";
			requirement = {
				kind = upToNextMajorVersion;
				minimumVersion = 2.8.4;
			};
		};
		94AFC6812DAA52BC0089C7F8 /* XCRemoteSwiftPackageReference "SDWebImage" */ = {
			isa = XCRemoteSwiftPackageReference;
			repositoryURL = "https://github.com/SDWebImage/SDWebImage.git";
			requirement = {
				kind = upToNextMajorVersion;
				minimumVersion = 5.21.0;
			};
		};
		97470C7B2D93DBE600039FA5 /* XCRemoteSwiftPackageReference "SPM-NMapsMap" */ = {
			isa = XCRemoteSwiftPackageReference;
			repositoryURL = "https://github.com/navermaps/SPM-NMapsMap";
			requirement = {
				kind = upToNextMajorVersion;
				minimumVersion = 3.21.0;
			};
		};
/* End XCRemoteSwiftPackageReference section */

/* Begin XCSwiftPackageProductDependency section */
		637201472D830EAB0088E222 /* SnapKit */ = {
			isa = XCSwiftPackageProductDependency;
			package = 637201462D830EAB0088E222 /* XCRemoteSwiftPackageReference "SnapKit" */;
			productName = SnapKit;
		};
		6372014A2D830EB80088E222 /* Then */ = {
			isa = XCSwiftPackageProductDependency;
			package = 637201492D830EB80088E222 /* XCRemoteSwiftPackageReference "Then" */;
			productName = Then;
		};
		6372014D2D830EF60088E222 /* Alamofire */ = {
			isa = XCSwiftPackageProductDependency;
			package = 6372014C2D830EF60088E222 /* XCRemoteSwiftPackageReference "Alamofire" */;
			productName = Alamofire;
		};
		637201502D830F050088E222 /* Kingfisher */ = {
			isa = XCSwiftPackageProductDependency;
			package = 6372014F2D830F050088E222 /* XCRemoteSwiftPackageReference "Kingfisher" */;
			productName = Kingfisher;
		};
		637201532D830F370088E222 /* KakaoSDKAuth */ = {
			isa = XCSwiftPackageProductDependency;
			package = 637201522D830F370088E222 /* XCRemoteSwiftPackageReference "kakao-ios-sdk" */;
			productName = KakaoSDKAuth;
		};
		637201552D830F370088E222 /* KakaoSDKCommon */ = {
			isa = XCSwiftPackageProductDependency;
			package = 637201522D830F370088E222 /* XCRemoteSwiftPackageReference "kakao-ios-sdk" */;
			productName = KakaoSDKCommon;
		};
		637201572D830F370088E222 /* KakaoSDKUser */ = {
			isa = XCSwiftPackageProductDependency;
			package = 637201522D830F370088E222 /* XCRemoteSwiftPackageReference "kakao-ios-sdk" */;
			productName = KakaoSDKUser;
		};
		637202222D830FCD0088E222 /* FirebaseCore */ = {
			isa = XCSwiftPackageProductDependency;
			package = 637202212D830FCD0088E222 /* XCRemoteSwiftPackageReference "firebase-ios-sdk" */;
			productName = FirebaseCore;
		};
		637202242D830FCD0088E222 /* FirebaseMessaging */ = {
			isa = XCSwiftPackageProductDependency;
			package = 637202212D830FCD0088E222 /* XCRemoteSwiftPackageReference "firebase-ios-sdk" */;
			productName = FirebaseMessaging;
		};
		947D14502D853E5E00486ED6 /* FSCalendar */ = {
			isa = XCSwiftPackageProductDependency;
			package = 947D144F2D853E5E00486ED6 /* XCRemoteSwiftPackageReference "FSCalendar" */;
			productName = FSCalendar;
		};
		94AFC6822DAA52BC0089C7F8 /* SDWebImage */ = {
			isa = XCSwiftPackageProductDependency;
			package = 94AFC6812DAA52BC0089C7F8 /* XCRemoteSwiftPackageReference "SDWebImage" */;
			productName = SDWebImage;
		};
		97470C7C2D93DBE600039FA5 /* NMapsMap */ = {
			isa = XCSwiftPackageProductDependency;
			package = 97470C7B2D93DBE600039FA5 /* XCRemoteSwiftPackageReference "SPM-NMapsMap" */;
			productName = NMapsMap;
		};
/* End XCSwiftPackageProductDependency section */
	};
	rootObject = 63E121A72D825DB300402E92 /* Project object */;
}
